<?xml version="1.0" encoding="utf-8"?>
<Project ToolsVersion="4.0" xmlns="http://schemas.microsoft.com/developer/msbuild/2003">
  <ItemGroup>
    <Filter Include="General">
      <UniqueIdentifier>{4FC737F1-C7A5-4376-A066-2A32D752A2FF}</UniqueIdentifier>
      <Extensions>cpp;c;cc;cxx;def;odl;idl;hpj;bat;asm;asmx</Extensions>
    </Filter>
    <Filter Include="General\Gameplay">
      <UniqueIdentifier>{8991ba1d-7006-44e1-beb2-23a1441c4241}</UniqueIdentifier>
    </Filter>
  </ItemGroup>
  <ItemGroup>
    <ClCompile Include="Main_Win32.cpp">
      <Filter>General</Filter>
    </ClCompile>
    <ClCompile Include="App.cpp">
      <Filter>General</Filter>
    </ClCompile>
    <ClCompile Include="GameCommon.cpp">
      <Filter>General</Filter>
    </ClCompile>
    <ClCompile Include="Gameplay\Map.cpp">
      <Filter>General\Gameplay</Filter>
    </ClCompile>
    <ClCompile Include="Gameplay\Player.cpp">
      <Filter>General\Gameplay</Filter>
    </ClCompile>
    <ClCompile Include="Level.cpp">
      <Filter>General</Filter>
    </ClCompile>
    <ClCompile Include="Game.cpp">
      <Filter>General</Filter>
    </ClCompile>
    <ClCompile Include="Gameplay\Turret.cpp">
      <Filter>General\Gameplay</Filter>
    </ClCompile>
    <ClCompile Include="Gameplay\OrbitCamera.cpp">
      <Filter>General\Gameplay</Filter>
    </ClCompile>
    <ClCompile Include="Gameplay\Entity.cpp">
      <Filter>General\Gameplay</Filter>
    </ClCompile>
    <ClCompile Include="Gameplay\Tank.cpp">
      <Filter>General\Gameplay</Filter>
    </ClCompile>
  </ItemGroup>
  <ItemGroup>
    <ClInclude Include="App.hpp">
      <Filter>General</Filter>
    </ClInclude>
    <ClInclude Include="GameCommon.hpp">
      <Filter>General</Filter>
    </ClInclude>
    <ClInclude Include="EngineBuildPreferences.hpp">
      <Filter>General</Filter>
    </ClInclude>
    <ClInclude Include="Gameplay\Map.hpp">
      <Filter>General\Gameplay</Filter>
    </ClInclude>
    <ClInclude Include="Gameplay\Player.hpp">
      <Filter>General\Gameplay</Filter>
    </ClInclude>
    <ClInclude Include="Level.hpp">
      <Filter>General</Filter>
    </ClInclude>
    <ClInclude Include="Game.hpp">
      <Filter>General</Filter>
    </ClInclude>
    <ClInclude Include="Gameplay\Turret.hpp">
      <Filter>General\Gameplay</Filter>
    </ClInclude>
    <ClInclude Include="Gameplay\OrbitCamera.hpp">
      <Filter>General\Gameplay</Filter>
    </ClInclude>
    <ClInclude Include="Gameplay\Entity.hpp">
      <Filter>General\Gameplay</Filter>
    </ClInclude>
    <ClInclude Include="Gameplay\Tank.hpp">
      <Filter>General\Gameplay</Filter>
    </ClInclude>
  </ItemGroup>
  <ItemGroup>
    <Text Include="..\..\ReadMe.txt" />
  </ItemGroup>
</Project>